
Microsoft Visual Studio Solution File, Format Version 12.00
# Visual Studio Version 17
VisualStudioVersion = 17.3.32929.385
MinimumVisualStudioVersion = 10.0.40219.1
Project("{9A19103F-16F7-4668-BE54-9A1E7A4F7556}") = "Task4UTests", "Task4UTests\Task4UTests.csproj", "{9101F7E5-8E51-489C-BF9A-1552F8E5E586}"
EndProject
Project("{9A19103F-16F7-4668-BE54-9A1E7A4F7556}") = "Tasks4U", "Tasks4U\Tasks4U.csproj", "{3581FB95-726C-4F2D-9B62-D4F158F2D945}"
EndProject
Global
	GlobalSection(SolutionConfigurationPlatforms) = preSolution
		Debug|Any CPU = Debug|Any CPU
		Release|Any CPU = Release|Any CPU
	EndGlobalSection
	GlobalSection(ProjectConfigurationPlatforms) = postSolution
		{9101F7E5-8E51-489C-BF9A-1552F8E5E586}.Debug|Any CPU.ActiveCfg = Debug|Any CPU
		{9101F7E5-8E51-489C-BF9A-1552F8E5E586}.Debug|Any CPU.Build.0 = Debug|Any CPU
		{9101F7E5-8E51-489C-BF9A-1552F8E5E586}.Release|Any CPU.ActiveCfg = Release|Any CPU
		{9101F7E5-8E51-489C-BF9A-1552F8E5E586}.Release|Any CPU.Build.0 = Release|Any CPU
		{3581FB95-726C-4F2D-9B62-D4F158F2D945}.Debug|Any CPU.ActiveCfg = Debug|Any CPU
		{3581FB95-726C-4F2D-9B62-D4F158F2D945}.Debug|Any CPU.Build.0 = Debug|Any CPU
		{3581FB95-726C-4F2D-9B62-D4F158F2D945}.Release|Any CPU.ActiveCfg = Release|Any CPU
		{3581FB95-726C-4F2D-9B62-D4F158F2D945}.Release|Any CPU.Build.0 = Release|Any CPU
	EndGlobalSection
	GlobalSection(SolutionProperties) = preSolution
		HideSolutionNode = FALSE
	EndGlobalSection
	GlobalSection(ExtensibilityGlobals) = postSolution
		SolutionGuid = {CEFC7B60-3A72-4F74-83E4-4717E2FC3357}
	EndGlobalSection
EndGlobal
